
Microsoft Visual Studio Solution File, Format Version 10.00
# Visual Studio 2008
Project("{8BC9CEB8-8B4A-11D0-8D11-00A0C91BC942}") = "Phy_IO__BROOKS_RFID", "Phy_IO__BROOKS_RFID\Phy_IO__BROOKS_RFID.vcproj", "{9E89F8BC-C2C6-40F4-B9BB-E5ACE175D55B}"
EndProject
Global
	GlobalSection(SolutionConfigurationPlatforms) = preSolution
		Debug|Win32 = Debug|Win32
		Release|Win32 = Release|Win32
	EndGlobalSection
	GlobalSection(ProjectConfigurationPlatforms) = postSolution
		{9E89F8BC-C2C6-40F4-B9BB-E5ACE175D55B}.Debug|Win32.ActiveCfg = Debug|Win32
		{9E89F8BC-C2C6-40F4-B9BB-E5ACE175D55B}.Debug|Win32.Build.0 = Debug|Win32
		{9E89F8BC-C2C6-40F4-B9BB-E5ACE175D55B}.Release|Win32.ActiveCfg = Release|Win32
		{9E89F8BC-C2C6-40F4-B9BB-E5ACE175D55B}.Release|Win32.Build.0 = Release|Win32
	EndGlobalSection
	GlobalSection(SolutionProperties) = preSolution
		HideSolutionNode = FALSE
	EndGlobalSection
EndGlobal
